// !$*UTF8*$!
{
	archiveVersion = 1;
	classes = {
	};
	objectVersion = 50;
	objects = {

/* Begin PBXBuildFile section */
		4BDA0BF9FF6AB7EDC6AE5DEA /* Pods_HomeKitProjectIOS.framework in Frameworks */ = {isa = PBXBuildFile; fileRef = 4E71C14BBB1E52B1C88AE5E2 /* Pods_HomeKitProjectIOS.framework */; };
		83947673581F565EBBEAFD9A /* Pods_HomeKitProjectIOS_WatchKit_App.framework in Frameworks */ = {isa = PBXBuildFile; fileRef = 0E952455E283A054E6FF9F90 /* Pods_HomeKitProjectIOS_WatchKit_App.framework */; };
		966B86B79E834650F6489358 /* Pods_HomeKitProjectIOS_WatchKit_Extension.framework in Frameworks */ = {isa = PBXBuildFile; fileRef = A38619C9F65B659D62794AD5 /* Pods_HomeKitProjectIOS_WatchKit_Extension.framework */; };
		EDDDD02A2185A7B400E4D063 /* AppDelegate.swift in Sources */ = {isa = PBXBuildFile; fileRef = EDDDD0292185A7B400E4D063 /* AppDelegate.swift */; };
		EDDDD02C2185A7B400E4D063 /* ViewController.swift in Sources */ = {isa = PBXBuildFile; fileRef = EDDDD02B2185A7B400E4D063 /* ViewController.swift */; };
		EDDDD02F2185A7B400E4D063 /* Main.storyboard in Resources */ = {isa = PBXBuildFile; fileRef = EDDDD02D2185A7B400E4D063 /* Main.storyboard */; };
		EDDDD0312185A7B500E4D063 /* Assets.xcassets in Resources */ = {isa = PBXBuildFile; fileRef = EDDDD0302185A7B500E4D063 /* Assets.xcassets */; };
		EDDDD0342185A7B500E4D063 /* LaunchScreen.storyboard in Resources */ = {isa = PBXBuildFile; fileRef = EDDDD0322185A7B500E4D063 /* LaunchScreen.storyboard */; };
		EDDDD0392185A7B500E4D063 /* HomeKitProjectIOS WatchKit App.app in Embed Watch Content */ = {isa = PBXBuildFile; fileRef = EDDDD0382185A7B500E4D063 /* HomeKitProjectIOS WatchKit App.app */; };
		EDDDD03F2185A7B500E4D063 /* Interface.storyboard in Resources */ = {isa = PBXBuildFile; fileRef = EDDDD03D2185A7B500E4D063 /* Interface.storyboard */; };
		EDDDD0412185A7B500E4D063 /* Assets.xcassets in Resources */ = {isa = PBXBuildFile; fileRef = EDDDD0402185A7B500E4D063 /* Assets.xcassets */; };
		EDDDD0482185A7B500E4D063 /* HomeKitProjectIOS WatchKit Extension.appex in Embed App Extensions */ = {isa = PBXBuildFile; fileRef = EDDDD0472185A7B500E4D063 /* HomeKitProjectIOS WatchKit Extension.appex */; settings = {ATTRIBUTES = (RemoveHeadersOnCopy, ); }; };
		EDDDD04D2185A7B500E4D063 /* InterfaceController.swift in Sources */ = {isa = PBXBuildFile; fileRef = EDDDD04C2185A7B500E4D063 /* InterfaceController.swift */; };
		EDDDD04F2185A7B500E4D063 /* ExtensionDelegate.swift in Sources */ = {isa = PBXBuildFile; fileRef = EDDDD04E2185A7B500E4D063 /* ExtensionDelegate.swift */; };
		EDDDD0512185A7B500E4D063 /* NotificationController.swift in Sources */ = {isa = PBXBuildFile; fileRef = EDDDD0502185A7B500E4D063 /* NotificationController.swift */; };
		EDDDD0532185A7B600E4D063 /* Assets.xcassets in Resources */ = {isa = PBXBuildFile; fileRef = EDDDD0522185A7B600E4D063 /* Assets.xcassets */; };
		EDDDD0652185A88F00E4D063 /* HomeKit.framework in Frameworks */ = {isa = PBXBuildFile; fileRef = EDDDD0642185A88F00E4D063 /* HomeKit.framework */; };
/* End PBXBuildFile section */

/* Begin PBXContainerItemProxy section */
		EDDDD03A2185A7B500E4D063 /* PBXContainerItemProxy */ = {
			isa = PBXContainerItemProxy;
			containerPortal = EDDDD01E2185A7B400E4D063 /* Project object */;
			proxyType = 1;
			remoteGlobalIDString = EDDDD0372185A7B500E4D063;
			remoteInfo = "HomeKitProjectIOS WatchKit App";
		};
		EDDDD0492185A7B500E4D063 /* PBXContainerItemProxy */ = {
			isa = PBXContainerItemProxy;
			containerPortal = EDDDD01E2185A7B400E4D063 /* Project object */;
			proxyType = 1;
			remoteGlobalIDString = EDDDD0462185A7B500E4D063;
			remoteInfo = "HomeKitProjectIOS WatchKit Extension";
		};
/* End PBXContainerItemProxy section */

/* Begin PBXCopyFilesBuildPhase section */
		EDDDD05B2185A7B600E4D063 /* Embed App Extensions */ = {
			isa = PBXCopyFilesBuildPhase;
			buildActionMask = 2147483647;
			dstPath = "";
			dstSubfolderSpec = 13;
			files = (
				EDDDD0482185A7B500E4D063 /* HomeKitProjectIOS WatchKit Extension.appex in Embed App Extensions */,
			);
			name = "Embed App Extensions";
			runOnlyForDeploymentPostprocessing = 0;
		};
		EDDDD05F2185A7B600E4D063 /* Embed Watch Content */ = {
			isa = PBXCopyFilesBuildPhase;
			buildActionMask = 2147483647;
			dstPath = "$(CONTENTS_FOLDER_PATH)/Watch";
			dstSubfolderSpec = 16;
			files = (
				EDDDD0392185A7B500E4D063 /* HomeKitProjectIOS WatchKit App.app in Embed Watch Content */,
			);
			name = "Embed Watch Content";
			runOnlyForDeploymentPostprocessing = 0;
		};
/* End PBXCopyFilesBuildPhase section */

/* Begin PBXFileReference section */
		0E952455E283A054E6FF9F90 /* Pods_HomeKitProjectIOS_WatchKit_App.framework */ = {isa = PBXFileReference; explicitFileType = wrapper.framework; includeInIndex = 0; path = Pods_HomeKitProjectIOS_WatchKit_App.framework; sourceTree = BUILT_PRODUCTS_DIR; };
		4E71C14BBB1E52B1C88AE5E2 /* Pods_HomeKitProjectIOS.framework */ = {isa = PBXFileReference; explicitFileType = wrapper.framework; includeInIndex = 0; path = Pods_HomeKitProjectIOS.framework; sourceTree = BUILT_PRODUCTS_DIR; };
		5B4180C7DB6CB47713A7E22A /* Pods-HomeKitProjectIOS WatchKit Extension.release.xcconfig */ = {isa = PBXFileReference; includeInIndex = 1; lastKnownFileType = text.xcconfig; name = "Pods-HomeKitProjectIOS WatchKit Extension.release.xcconfig"; path = "Pods/Target Support Files/Pods-HomeKitProjectIOS WatchKit Extension/Pods-HomeKitProjectIOS WatchKit Extension.release.xcconfig"; sourceTree = "<group>"; };
		850E4A9BFCB8A3CBDE6DDD99 /* Pods-HomeKitProjectIOS WatchKit App.debug.xcconfig */ = {isa = PBXFileReference; includeInIndex = 1; lastKnownFileType = text.xcconfig; name = "Pods-HomeKitProjectIOS WatchKit App.debug.xcconfig"; path = "Pods/Target Support Files/Pods-HomeKitProjectIOS WatchKit App/Pods-HomeKitProjectIOS WatchKit App.debug.xcconfig"; sourceTree = "<group>"; };
		A38619C9F65B659D62794AD5 /* Pods_HomeKitProjectIOS_WatchKit_Extension.framework */ = {isa = PBXFileReference; explicitFileType = wrapper.framework; includeInIndex = 0; path = Pods_HomeKitProjectIOS_WatchKit_Extension.framework; sourceTree = BUILT_PRODUCTS_DIR; };
		ABF0207006F24CC421FC8F69 /* Pods-HomeKitProjectIOS.release.xcconfig */ = {isa = PBXFileReference; includeInIndex = 1; lastKnownFileType = text.xcconfig; name = "Pods-HomeKitProjectIOS.release.xcconfig"; path = "Pods/Target Support Files/Pods-HomeKitProjectIOS/Pods-HomeKitProjectIOS.release.xcconfig"; sourceTree = "<group>"; };
		DD835FE3CAC9FBCD415753D8 /* Pods-HomeKitProjectIOS WatchKit App.release.xcconfig */ = {isa = PBXFileReference; includeInIndex = 1; lastKnownFileType = text.xcconfig; name = "Pods-HomeKitProjectIOS WatchKit App.release.xcconfig"; path = "Pods/Target Support Files/Pods-HomeKitProjectIOS WatchKit App/Pods-HomeKitProjectIOS WatchKit App.release.xcconfig"; sourceTree = "<group>"; };
		EDDDD0262185A7B400E4D063 /* HomeKitProjectIOS.app */ = {isa = PBXFileReference; explicitFileType = wrapper.application; includeInIndex = 0; path = HomeKitProjectIOS.app; sourceTree = BUILT_PRODUCTS_DIR; };
		EDDDD0292185A7B400E4D063 /* AppDelegate.swift */ = {isa = PBXFileReference; lastKnownFileType = sourcecode.swift; path = AppDelegate.swift; sourceTree = "<group>"; };
		EDDDD02B2185A7B400E4D063 /* ViewController.swift */ = {isa = PBXFileReference; lastKnownFileType = sourcecode.swift; path = ViewController.swift; sourceTree = "<group>"; };
		EDDDD02E2185A7B400E4D063 /* Base */ = {isa = PBXFileReference; lastKnownFileType = file.storyboard; name = Base; path = Base.lproj/Main.storyboard; sourceTree = "<group>"; };
		EDDDD0302185A7B500E4D063 /* Assets.xcassets */ = {isa = PBXFileReference; lastKnownFileType = folder.assetcatalog; path = Assets.xcassets; sourceTree = "<group>"; };
		EDDDD0332185A7B500E4D063 /* Base */ = {isa = PBXFileReference; lastKnownFileType = file.storyboard; name = Base; path = Base.lproj/LaunchScreen.storyboard; sourceTree = "<group>"; };
		EDDDD0352185A7B500E4D063 /* Info.plist */ = {isa = PBXFileReference; lastKnownFileType = text.plist.xml; path = Info.plist; sourceTree = "<group>"; };
		EDDDD0382185A7B500E4D063 /* HomeKitProjectIOS WatchKit App.app */ = {isa = PBXFileReference; explicitFileType = wrapper.application; includeInIndex = 0; path = "HomeKitProjectIOS WatchKit App.app"; sourceTree = BUILT_PRODUCTS_DIR; };
		EDDDD03E2185A7B500E4D063 /* Base */ = {isa = PBXFileReference; lastKnownFileType = file.storyboard; name = Base; path = Base.lproj/Interface.storyboard; sourceTree = "<group>"; };
		EDDDD0402185A7B500E4D063 /* Assets.xcassets */ = {isa = PBXFileReference; lastKnownFileType = folder.assetcatalog; path = Assets.xcassets; sourceTree = "<group>"; };
		EDDDD0422185A7B500E4D063 /* Info.plist */ = {isa = PBXFileReference; lastKnownFileType = text.plist.xml; path = Info.plist; sourceTree = "<group>"; };
		EDDDD0472185A7B500E4D063 /* HomeKitProjectIOS WatchKit Extension.appex */ = {isa = PBXFileReference; explicitFileType = "wrapper.app-extension"; includeInIndex = 0; path = "HomeKitProjectIOS WatchKit Extension.appex"; sourceTree = BUILT_PRODUCTS_DIR; };
		EDDDD04C2185A7B500E4D063 /* InterfaceController.swift */ = {isa = PBXFileReference; lastKnownFileType = sourcecode.swift; path = InterfaceController.swift; sourceTree = "<group>"; };
		EDDDD04E2185A7B500E4D063 /* ExtensionDelegate.swift */ = {isa = PBXFileReference; lastKnownFileType = sourcecode.swift; path = ExtensionDelegate.swift; sourceTree = "<group>"; };
		EDDDD0502185A7B500E4D063 /* NotificationController.swift */ = {isa = PBXFileReference; lastKnownFileType = sourcecode.swift; path = NotificationController.swift; sourceTree = "<group>"; };
		EDDDD0522185A7B600E4D063 /* Assets.xcassets */ = {isa = PBXFileReference; lastKnownFileType = folder.assetcatalog; path = Assets.xcassets; sourceTree = "<group>"; };
		EDDDD0542185A7B600E4D063 /* Info.plist */ = {isa = PBXFileReference; lastKnownFileType = text.plist.xml; path = Info.plist; sourceTree = "<group>"; };
		EDDDD0552185A7B600E4D063 /* PushNotificationPayload.apns */ = {isa = PBXFileReference; lastKnownFileType = text; path = PushNotificationPayload.apns; sourceTree = "<group>"; };
		EDDDD0632185A88F00E4D063 /* HomeKitProjectIOS.entitlements */ = {isa = PBXFileReference; lastKnownFileType = text.plist.entitlements; path = HomeKitProjectIOS.entitlements; sourceTree = "<group>"; };
		EDDDD0642185A88F00E4D063 /* HomeKit.framework */ = {isa = PBXFileReference; lastKnownFileType = wrapper.framework; name = HomeKit.framework; path = System/Library/Frameworks/HomeKit.framework; sourceTree = SDKROOT; };
		EDFD982DD4CF69F2F1AFC01C /* Pods-HomeKitProjectIOS WatchKit Extension.debug.xcconfig */ = {isa = PBXFileReference; includeInIndex = 1; lastKnownFileType = text.xcconfig; name = "Pods-HomeKitProjectIOS WatchKit Extension.debug.xcconfig"; path = "Pods/Target Support Files/Pods-HomeKitProjectIOS WatchKit Extension/Pods-HomeKitProjectIOS WatchKit Extension.debug.xcconfig"; sourceTree = "<group>"; };
		FE57FA100410B9E1FC1DAAAC /* Pods-HomeKitProjectIOS.debug.xcconfig */ = {isa = PBXFileReference; includeInIndex = 1; lastKnownFileType = text.xcconfig; name = "Pods-HomeKitProjectIOS.debug.xcconfig"; path = "Pods/Target Support Files/Pods-HomeKitProjectIOS/Pods-HomeKitProjectIOS.debug.xcconfig"; sourceTree = "<group>"; };
/* End PBXFileReference section */

/* Begin PBXFrameworksBuildPhase section */
		895D29C01DCEDE4EF589491B /* Frameworks */ = {
			isa = PBXFrameworksBuildPhase;
			buildActionMask = 2147483647;
			files = (
				83947673581F565EBBEAFD9A /* Pods_HomeKitProjectIOS_WatchKit_App.framework in Frameworks */,
			);
			runOnlyForDeploymentPostprocessing = 0;
		};
		EDDDD0232185A7B400E4D063 /* Frameworks */ = {
			isa = PBXFrameworksBuildPhase;
			buildActionMask = 2147483647;
			files = (
				EDDDD0652185A88F00E4D063 /* HomeKit.framework in Frameworks */,
				4BDA0BF9FF6AB7EDC6AE5DEA /* Pods_HomeKitProjectIOS.framework in Frameworks */,
			);
			runOnlyForDeploymentPostprocessing = 0;
		};
		EDDDD0442185A7B500E4D063 /* Frameworks */ = {
			isa = PBXFrameworksBuildPhase;
			buildActionMask = 2147483647;
			files = (
				966B86B79E834650F6489358 /* Pods_HomeKitProjectIOS_WatchKit_Extension.framework in Frameworks */,
			);
			runOnlyForDeploymentPostprocessing = 0;
		};
/* End PBXFrameworksBuildPhase section */

/* Begin PBXGroup section */
		0D5777A67B1559FDEECD580C /* Pods */ = {
			isa = PBXGroup;
			children = (
				FE57FA100410B9E1FC1DAAAC /* Pods-HomeKitProjectIOS.debug.xcconfig */,
				ABF0207006F24CC421FC8F69 /* Pods-HomeKitProjectIOS.release.xcconfig */,
				850E4A9BFCB8A3CBDE6DDD99 /* Pods-HomeKitProjectIOS WatchKit App.debug.xcconfig */,
				DD835FE3CAC9FBCD415753D8 /* Pods-HomeKitProjectIOS WatchKit App.release.xcconfig */,
				EDFD982DD4CF69F2F1AFC01C /* Pods-HomeKitProjectIOS WatchKit Extension.debug.xcconfig */,
				5B4180C7DB6CB47713A7E22A /* Pods-HomeKitProjectIOS WatchKit Extension.release.xcconfig */,
			);
			name = Pods;
			sourceTree = "<group>";
		};
		3FF7324CA9F83178B147572F /* Frameworks */ = {
			isa = PBXGroup;
			children = (
				EDDDD0642185A88F00E4D063 /* HomeKit.framework */,
				4E71C14BBB1E52B1C88AE5E2 /* Pods_HomeKitProjectIOS.framework */,
				0E952455E283A054E6FF9F90 /* Pods_HomeKitProjectIOS_WatchKit_App.framework */,
				A38619C9F65B659D62794AD5 /* Pods_HomeKitProjectIOS_WatchKit_Extension.framework */,
			);
			name = Frameworks;
			sourceTree = "<group>";
		};
		EDDDD01D2185A7B400E4D063 = {
			isa = PBXGroup;
			children = (
				EDDDD0282185A7B400E4D063 /* HomeKitProjectIOS */,
				EDDDD03C2185A7B500E4D063 /* HomeKitProjectIOS WatchKit App */,
				EDDDD04B2185A7B500E4D063 /* HomeKitProjectIOS WatchKit Extension */,
				EDDDD0272185A7B400E4D063 /* Products */,
				0D5777A67B1559FDEECD580C /* Pods */,
				3FF7324CA9F83178B147572F /* Frameworks */,
			);
			sourceTree = "<group>";
		};
		EDDDD0272185A7B400E4D063 /* Products */ = {
			isa = PBXGroup;
			children = (
				EDDDD0262185A7B400E4D063 /* HomeKitProjectIOS.app */,
				EDDDD0382185A7B500E4D063 /* HomeKitProjectIOS WatchKit App.app */,
				EDDDD0472185A7B500E4D063 /* HomeKitProjectIOS WatchKit Extension.appex */,
			);
			name = Products;
			sourceTree = "<group>";
		};
		EDDDD0282185A7B400E4D063 /* HomeKitProjectIOS */ = {
			isa = PBXGroup;
			children = (
				EDDDD0632185A88F00E4D063 /* HomeKitProjectIOS.entitlements */,
				EDDDD0292185A7B400E4D063 /* AppDelegate.swift */,
				EDDDD02B2185A7B400E4D063 /* ViewController.swift */,
				EDDDD02D2185A7B400E4D063 /* Main.storyboard */,
				EDDDD0302185A7B500E4D063 /* Assets.xcassets */,
				EDDDD0322185A7B500E4D063 /* LaunchScreen.storyboard */,
				EDDDD0352185A7B500E4D063 /* Info.plist */,
			);
			path = HomeKitProjectIOS;
			sourceTree = "<group>";
		};
		EDDDD03C2185A7B500E4D063 /* HomeKitProjectIOS WatchKit App */ = {
			isa = PBXGroup;
			children = (
				EDDDD03D2185A7B500E4D063 /* Interface.storyboard */,
				EDDDD0402185A7B500E4D063 /* Assets.xcassets */,
				EDDDD0422185A7B500E4D063 /* Info.plist */,
			);
			path = "HomeKitProjectIOS WatchKit App";
			sourceTree = "<group>";
		};
		EDDDD04B2185A7B500E4D063 /* HomeKitProjectIOS WatchKit Extension */ = {
			isa = PBXGroup;
			children = (
				EDDDD04C2185A7B500E4D063 /* InterfaceController.swift */,
				EDDDD04E2185A7B500E4D063 /* ExtensionDelegate.swift */,
				EDDDD0502185A7B500E4D063 /* NotificationController.swift */,
				EDDDD0522185A7B600E4D063 /* Assets.xcassets */,
				EDDDD0542185A7B600E4D063 /* Info.plist */,
				EDDDD0552185A7B600E4D063 /* PushNotificationPayload.apns */,
			);
			path = "HomeKitProjectIOS WatchKit Extension";
			sourceTree = "<group>";
		};
/* End PBXGroup section */

/* Begin PBXNativeTarget section */
		EDDDD0252185A7B400E4D063 /* HomeKitProjectIOS */ = {
			isa = PBXNativeTarget;
			buildConfigurationList = EDDDD0602185A7B600E4D063 /* Build configuration list for PBXNativeTarget "HomeKitProjectIOS" */;
			buildPhases = (
				5FEA4128C098803593C6023B /* [CP] Check Pods Manifest.lock */,
				EDDDD0222185A7B400E4D063 /* Sources */,
				EDDDD0232185A7B400E4D063 /* Frameworks */,
				EDDDD0242185A7B400E4D063 /* Resources */,
				EDDDD05F2185A7B600E4D063 /* Embed Watch Content */,
				F7C4F4EEE3DE685F0B324540 /* [CP] Embed Pods Frameworks */,
			);
			buildRules = (
			);
			dependencies = (
				EDDDD03B2185A7B500E4D063 /* PBXTargetDependency */,
			);
			name = HomeKitProjectIOS;
			productName = HomeKitProjectIOS;
			productReference = EDDDD0262185A7B400E4D063 /* HomeKitProjectIOS.app */;
			productType = "com.apple.product-type.application";
		};
		EDDDD0372185A7B500E4D063 /* HomeKitProjectIOS WatchKit App */ = {
			isa = PBXNativeTarget;
			buildConfigurationList = EDDDD05C2185A7B600E4D063 /* Build configuration list for PBXNativeTarget "HomeKitProjectIOS WatchKit App" */;
			buildPhases = (
				3C2E8E2BEB45BA024759A34E /* [CP] Check Pods Manifest.lock */,
				EDDDD0362185A7B500E4D063 /* Resources */,
				EDDDD05B2185A7B600E4D063 /* Embed App Extensions */,
				895D29C01DCEDE4EF589491B /* Frameworks */,
			);
			buildRules = (
			);
			dependencies = (
				EDDDD04A2185A7B500E4D063 /* PBXTargetDependency */,
			);
			name = "HomeKitProjectIOS WatchKit App";
			productName = "HomeKitProjectIOS WatchKit App";
			productReference = EDDDD0382185A7B500E4D063 /* HomeKitProjectIOS WatchKit App.app */;
			productType = "com.apple.product-type.application.watchapp2";
		};
		EDDDD0462185A7B500E4D063 /* HomeKitProjectIOS WatchKit Extension */ = {
			isa = PBXNativeTarget;
			buildConfigurationList = EDDDD0582185A7B600E4D063 /* Build configuration list for PBXNativeTarget "HomeKitProjectIOS WatchKit Extension" */;
			buildPhases = (
				44989F779456AE47FD352208 /* [CP] Check Pods Manifest.lock */,
				EDDDD0432185A7B500E4D063 /* Sources */,
				EDDDD0442185A7B500E4D063 /* Frameworks */,
				EDDDD0452185A7B500E4D063 /* Resources */,
			);
			buildRules = (
			);
			dependencies = (
			);
			name = "HomeKitProjectIOS WatchKit Extension";
			productName = "HomeKitProjectIOS WatchKit Extension";
			productReference = EDDDD0472185A7B500E4D063 /* HomeKitProjectIOS WatchKit Extension.appex */;
			productType = "com.apple.product-type.watchkit2-extension";
		};
/* End PBXNativeTarget section */

/* Begin PBXProject section */
		EDDDD01E2185A7B400E4D063 /* Project object */ = {
			isa = PBXProject;
			attributes = {
				LastSwiftUpdateCheck = 0940;
				LastUpgradeCheck = 0940;
				ORGANIZATIONNAME = "Henri Gil";
				TargetAttributes = {
					EDDDD0252185A7B400E4D063 = {
						CreatedOnToolsVersion = 9.4.1;
						SystemCapabilities = {
							com.apple.HomeKit = {
								enabled = 1;
							};
						};
					};
					EDDDD0372185A7B500E4D063 = {
						CreatedOnToolsVersion = 9.4.1;
					};
					EDDDD0462185A7B500E4D063 = {
						CreatedOnToolsVersion = 9.4.1;
					};
				};
			};
			buildConfigurationList = EDDDD0212185A7B400E4D063 /* Build configuration list for PBXProject "HomeKitProjectIOS" */;
			compatibilityVersion = "Xcode 9.3";
			developmentRegion = en;
			hasScannedForEncodings = 0;
			knownRegions = (
				en,
				Base,
			);
			mainGroup = EDDDD01D2185A7B400E4D063;
			productRefGroup = EDDDD0272185A7B400E4D063 /* Products */;
			projectDirPath = "";
			projectRoot = "";
			targets = (
				EDDDD0252185A7B400E4D063 /* HomeKitProjectIOS */,
				EDDDD0372185A7B500E4D063 /* HomeKitProjectIOS WatchKit App */,
				EDDDD0462185A7B500E4D063 /* HomeKitProjectIOS WatchKit Extension */,
			);
		};
/* End PBXProject section */

/* Begin PBXResourcesBuildPhase section */
		EDDDD0242185A7B400E4D063 /* Resources */ = {
			isa = PBXResourcesBuildPhase;
			buildActionMask = 2147483647;
			files = (
				EDDDD0342185A7B500E4D063 /* LaunchScreen.storyboard in Resources */,
				EDDDD0312185A7B500E4D063 /* Assets.xcassets in Resources */,
				EDDDD02F2185A7B400E4D063 /* Main.storyboard in Resources */,
			);
			runOnlyForDeploymentPostprocessing = 0;
		};
		EDDDD0362185A7B500E4D063 /* Resources */ = {
			isa = PBXResourcesBuildPhase;
			buildActionMask = 2147483647;
			files = (
				EDDDD0412185A7B500E4D063 /* Assets.xcassets in Resources */,
				EDDDD03F2185A7B500E4D063 /* Interface.storyboard in Resources */,
			);
			runOnlyForDeploymentPostprocessing = 0;
		};
		EDDDD0452185A7B500E4D063 /* Resources */ = {
			isa = PBXResourcesBuildPhase;
			buildActionMask = 2147483647;
			files = (
				EDDDD0532185A7B600E4D063 /* Assets.xcassets in Resources */,
			);
			runOnlyForDeploymentPostprocessing = 0;
		};
/* End PBXResourcesBuildPhase section */

/* Begin PBXShellScriptBuildPhase section */
		3C2E8E2BEB45BA024759A34E /* [CP] Check Pods Manifest.lock */ = {
			isa = PBXShellScriptBuildPhase;
			buildActionMask = 2147483647;
			files = (
			);
			inputPaths = (
				"${PODS_PODFILE_DIR_PATH}/Podfile.lock",
				"${PODS_ROOT}/Manifest.lock",
			);
			name = "[CP] Check Pods Manifest.lock";
			outputPaths = (
				"$(DERIVED_FILE_DIR)/Pods-HomeKitProjectIOS WatchKit App-checkManifestLockResult.txt",
			);
			runOnlyForDeploymentPostprocessing = 0;
			shellPath = /bin/sh;
			shellScript = "diff \"${PODS_PODFILE_DIR_PATH}/Podfile.lock\" \"${PODS_ROOT}/Manifest.lock\" > /dev/null\nif [ $? != 0 ] ; then\n    # print error to STDERR\n    echo \"error: The sandbox is not in sync with the Podfile.lock. Run 'pod install' or update your CocoaPods installation.\" >&2\n    exit 1\nfi\n# This output is used by Xcode 'outputs' to avoid re-running this script phase.\necho \"SUCCESS\" > \"${SCRIPT_OUTPUT_FILE_0}\"\n";
			showEnvVarsInLog = 0;
		};
		44989F779456AE47FD352208 /* [CP] Check Pods Manifest.lock */ = {
			isa = PBXShellScriptBuildPhase;
			buildActionMask = 2147483647;
			files = (
			);
			inputPaths = (
				"${PODS_PODFILE_DIR_PATH}/Podfile.lock",
				"${PODS_ROOT}/Manifest.lock",
			);
			name = "[CP] Check Pods Manifest.lock";
			outputPaths = (
				"$(DERIVED_FILE_DIR)/Pods-HomeKitProjectIOS WatchKit Extension-checkManifestLockResult.txt",
			);
			runOnlyForDeploymentPostprocessing = 0;
			shellPath = /bin/sh;
			shellScript = "diff \"${PODS_PODFILE_DIR_PATH}/Podfile.lock\" \"${PODS_ROOT}/Manifest.lock\" > /dev/null\nif [ $? != 0 ] ; then\n    # print error to STDERR\n    echo \"error: The sandbox is not in sync with the Podfile.lock. Run 'pod install' or update your CocoaPods installation.\" >&2\n    exit 1\nfi\n# This output is used by Xcode 'outputs' to avoid re-running this script phase.\necho \"SUCCESS\" > \"${SCRIPT_OUTPUT_FILE_0}\"\n";
			showEnvVarsInLog = 0;
		};
		5FEA4128C098803593C6023B /* [CP] Check Pods Manifest.lock */ = {
			isa = PBXShellScriptBuildPhase;
			buildActionMask = 2147483647;
			files = (
			);
			inputPaths = (
				"${PODS_PODFILE_DIR_PATH}/Podfile.lock",
				"${PODS_ROOT}/Manifest.lock",
			);
			name = "[CP] Check Pods Manifest.lock";
			outputPaths = (
				"$(DERIVED_FILE_DIR)/Pods-HomeKitProjectIOS-checkManifestLockResult.txt",
			);
			runOnlyForDeploymentPostprocessing = 0;
			shellPath = /bin/sh;
			shellScript = "diff \"${PODS_PODFILE_DIR_PATH}/Podfile.lock\" \"${PODS_ROOT}/Manifest.lock\" > /dev/null\nif [ $? != 0 ] ; then\n    # print error to STDERR\n    echo \"error: The sandbox is not in sync with the Podfile.lock. Run 'pod install' or update your CocoaPods installation.\" >&2\n    exit 1\nfi\n# This output is used by Xcode 'outputs' to avoid re-running this script phase.\necho \"SUCCESS\" > \"${SCRIPT_OUTPUT_FILE_0}\"\n";
			showEnvVarsInLog = 0;
		};
		F7C4F4EEE3DE685F0B324540 /* [CP] Embed Pods Frameworks */ = {
			isa = PBXShellScriptBuildPhase;
			buildActionMask = 2147483647;
			files = (
			);
			inputPaths = (
				"${SRCROOT}/Pods/Target Support Files/Pods-HomeKitProjectIOS/Pods-HomeKitProjectIOS-frameworks.sh",
				"${BUILT_PRODUCTS_DIR}/Alamofire/Alamofire.framework",
			);
			name = "[CP] Embed Pods Frameworks";
			outputPaths = (
				"${TARGET_BUILD_DIR}/${FRAMEWORKS_FOLDER_PATH}/Alamofire.framework",
			);
			runOnlyForDeploymentPostprocessing = 0;
			shellPath = /bin/sh;
			shellScript = "\"${SRCROOT}/Pods/Target Support Files/Pods-HomeKitProjectIOS/Pods-HomeKitProjectIOS-frameworks.sh\"\n";
			showEnvVarsInLog = 0;
		};
/* End PBXShellScriptBuildPhase section */

/* Begin PBXSourcesBuildPhase section */
		EDDDD0222185A7B400E4D063 /* Sources */ = {
			isa = PBXSourcesBuildPhase;
			buildActionMask = 2147483647;
			files = (
				EDDDD02C2185A7B400E4D063 /* ViewController.swift in Sources */,
				EDDDD02A2185A7B400E4D063 /* AppDelegate.swift in Sources */,
			);
			runOnlyForDeploymentPostprocessing = 0;
		};
		EDDDD0432185A7B500E4D063 /* Sources */ = {
			isa = PBXSourcesBuildPhase;
			buildActionMask = 2147483647;
			files = (
				EDDDD0512185A7B500E4D063 /* NotificationController.swift in Sources */,
				EDDDD04F2185A7B500E4D063 /* ExtensionDelegate.swift in Sources */,
				EDDDD04D2185A7B500E4D063 /* InterfaceController.swift in Sources */,
			);
			runOnlyForDeploymentPostprocessing = 0;
		};
/* End PBXSourcesBuildPhase section */

/* Begin PBXTargetDependency section */
		EDDDD03B2185A7B500E4D063 /* PBXTargetDependency */ = {
			isa = PBXTargetDependency;
			target = EDDDD0372185A7B500E4D063 /* HomeKitProjectIOS WatchKit App */;
			targetProxy = EDDDD03A2185A7B500E4D063 /* PBXContainerItemProxy */;
		};
		EDDDD04A2185A7B500E4D063 /* PBXTargetDependency */ = {
			isa = PBXTargetDependency;
			target = EDDDD0462185A7B500E4D063 /* HomeKitProjectIOS WatchKit Extension */;
			targetProxy = EDDDD0492185A7B500E4D063 /* PBXContainerItemProxy */;
		};
/* End PBXTargetDependency section */

/* Begin PBXVariantGroup section */
		EDDDD02D2185A7B400E4D063 /* Main.storyboard */ = {
			isa = PBXVariantGroup;
			children = (
				EDDDD02E2185A7B400E4D063 /* Base */,
			);
			name = Main.storyboard;
			sourceTree = "<group>";
		};
		EDDDD0322185A7B500E4D063 /* LaunchScreen.storyboard */ = {
			isa = PBXVariantGroup;
			children = (
				EDDDD0332185A7B500E4D063 /* Base */,
			);
			name = LaunchScreen.storyboard;
			sourceTree = "<group>";
		};
		EDDDD03D2185A7B500E4D063 /* Interface.storyboard */ = {
			isa = PBXVariantGroup;
			children = (
				EDDDD03E2185A7B500E4D063 /* Base */,
			);
			name = Interface.storyboard;
			sourceTree = "<group>";
		};
/* End PBXVariantGroup section */

/* Begin XCBuildConfiguration section */
		EDDDD0562185A7B600E4D063 /* Debug */ = {
			isa = XCBuildConfiguration;
			buildSettings = {
				ALWAYS_SEARCH_USER_PATHS = NO;
				CLANG_ANALYZER_NONNULL = YES;
				CLANG_ANALYZER_NUMBER_OBJECT_CONVERSION = YES_AGGRESSIVE;
				CLANG_CXX_LANGUAGE_STANDARD = "gnu++14";
				CLANG_CXX_LIBRARY = "libc++";
				CLANG_ENABLE_MODULES = YES;
				CLANG_ENABLE_OBJC_ARC = YES;
				CLANG_ENABLE_OBJC_WEAK = YES;
				CLANG_WARN_BLOCK_CAPTURE_AUTORELEASING = YES;
				CLANG_WARN_BOOL_CONVERSION = YES;
				CLANG_WARN_COMMA = YES;
				CLANG_WARN_CONSTANT_CONVERSION = YES;
				CLANG_WARN_DEPRECATED_OBJC_IMPLEMENTATIONS = YES;
				CLANG_WARN_DIRECT_OBJC_ISA_USAGE = YES_ERROR;
				CLANG_WARN_DOCUMENTATION_COMMENTS = YES;
				CLANG_WARN_EMPTY_BODY = YES;
				CLANG_WARN_ENUM_CONVERSION = YES;
				CLANG_WARN_INFINITE_RECURSION = YES;
				CLANG_WARN_INT_CONVERSION = YES;
				CLANG_WARN_NON_LITERAL_NULL_CONVERSION = YES;
				CLANG_WARN_OBJC_IMPLICIT_RETAIN_SELF = YES;
				CLANG_WARN_OBJC_LITERAL_CONVERSION = YES;
				CLANG_WARN_OBJC_ROOT_CLASS = YES_ERROR;
				CLANG_WARN_RANGE_LOOP_ANALYSIS = YES;
				CLANG_WARN_STRICT_PROTOTYPES = YES;
				CLANG_WARN_SUSPICIOUS_MOVE = YES;
				CLANG_WARN_UNGUARDED_AVAILABILITY = YES_AGGRESSIVE;
				CLANG_WARN_UNREACHABLE_CODE = YES;
				CLANG_WARN__DUPLICATE_METHOD_MATCH = YES;
				CODE_SIGN_IDENTITY = "iPhone Developer";
				COPY_PHASE_STRIP = NO;
				DEBUG_INFORMATION_FORMAT = dwarf;
				ENABLE_STRICT_OBJC_MSGSEND = YES;
				ENABLE_TESTABILITY = YES;
				GCC_C_LANGUAGE_STANDARD = gnu11;
				GCC_DYNAMIC_NO_PIC = NO;
				GCC_NO_COMMON_BLOCKS = YES;
				GCC_OPTIMIZATION_LEVEL = 0;
				GCC_PREPROCESSOR_DEFINITIONS = (
					"DEBUG=1",
					"$(inherited)",
				);
				GCC_WARN_64_TO_32_BIT_CONVERSION = YES;
				GCC_WARN_ABOUT_RETURN_TYPE = YES_ERROR;
				GCC_WARN_UNDECLARED_SELECTOR = YES;
				GCC_WARN_UNINITIALIZED_AUTOS = YES_AGGRESSIVE;
				GCC_WARN_UNUSED_FUNCTION = YES;
				GCC_WARN_UNUSED_VARIABLE = YES;
				IPHONEOS_DEPLOYMENT_TARGET = 11.4;
				MTL_ENABLE_DEBUG_INFO = YES;
				ONLY_ACTIVE_ARCH = YES;
				SDKROOT = iphoneos;
				SWIFT_ACTIVE_COMPILATION_CONDITIONS = DEBUG;
				SWIFT_OPTIMIZATION_LEVEL = "-Onone";
			};
			name = Debug;
		};
		EDDDD0572185A7B600E4D063 /* Release */ = {
			isa = XCBuildConfiguration;
			buildSettings = {
				ALWAYS_SEARCH_USER_PATHS = NO;
				CLANG_ANALYZER_NONNULL = YES;
				CLANG_ANALYZER_NUMBER_OBJECT_CONVERSION = YES_AGGRESSIVE;
				CLANG_CXX_LANGUAGE_STANDARD = "gnu++14";
				CLANG_CXX_LIBRARY = "libc++";
				CLANG_ENABLE_MODULES = YES;
				CLANG_ENABLE_OBJC_ARC = YES;
				CLANG_ENABLE_OBJC_WEAK = YES;
				CLANG_WARN_BLOCK_CAPTURE_AUTORELEASING = YES;
				CLANG_WARN_BOOL_CONVERSION = YES;
				CLANG_WARN_COMMA = YES;
				CLANG_WARN_CONSTANT_CONVERSION = YES;
				CLANG_WARN_DEPRECATED_OBJC_IMPLEMENTATIONS = YES;
				CLANG_WARN_DIRECT_OBJC_ISA_USAGE = YES_ERROR;
				CLANG_WARN_DOCUMENTATION_COMMENTS = YES;
				CLANG_WARN_EMPTY_BODY = YES;
				CLANG_WARN_ENUM_CONVERSION = YES;
				CLANG_WARN_INFINITE_RECURSION = YES;
				CLANG_WARN_INT_CONVERSION = YES;
				CLANG_WARN_NON_LITERAL_NULL_CONVERSION = YES;
				CLANG_WARN_OBJC_IMPLICIT_RETAIN_SELF = YES;
				CLANG_WARN_OBJC_LITERAL_CONVERSION = YES;
				CLANG_WARN_OBJC_ROOT_CLASS = YES_ERROR;
				CLANG_WARN_RANGE_LOOP_ANALYSIS = YES;
				CLANG_WARN_STRICT_PROTOTYPES = YES;
				CLANG_WARN_SUSPICIOUS_MOVE = YES;
				CLANG_WARN_UNGUARDED_AVAILABILITY = YES_AGGRESSIVE;
				CLANG_WARN_UNREACHABLE_CODE = YES;
				CLANG_WARN__DUPLICATE_METHOD_MATCH = YES;
				CODE_SIGN_IDENTITY = "iPhone Developer";
				COPY_PHASE_STRIP = NO;
				DEBUG_INFORMATION_FORMAT = "dwarf-with-dsym";
				ENABLE_NS_ASSERTIONS = NO;
				ENABLE_STRICT_OBJC_MSGSEND = YES;
				GCC_C_LANGUAGE_STANDARD = gnu11;
				GCC_NO_COMMON_BLOCKS = YES;
				GCC_WARN_64_TO_32_BIT_CONVERSION = YES;
				GCC_WARN_ABOUT_RETURN_TYPE = YES_ERROR;
				GCC_WARN_UNDECLARED_SELECTOR = YES;
				GCC_WARN_UNINITIALIZED_AUTOS = YES_AGGRESSIVE;
				GCC_WARN_UNUSED_FUNCTION = YES;
				GCC_WARN_UNUSED_VARIABLE = YES;
				IPHONEOS_DEPLOYMENT_TARGET = 11.4;
				MTL_ENABLE_DEBUG_INFO = NO;
				SDKROOT = iphoneos;
				SWIFT_COMPILATION_MODE = wholemodule;
				SWIFT_OPTIMIZATION_LEVEL = "-O";
				VALIDATE_PRODUCT = YES;
			};
			name = Release;
		};
		EDDDD0592185A7B600E4D063 /* Debug */ = {
			isa = XCBuildConfiguration;
			baseConfigurationReference = EDFD982DD4CF69F2F1AFC01C /* Pods-HomeKitProjectIOS WatchKit Extension.debug.xcconfig */;
			buildSettings = {
				ASSETCATALOG_COMPILER_COMPLICATION_NAME = Complication;
				CODE_SIGN_STYLE = Automatic;
				DEVELOPMENT_TEAM = 24MA665LVK;
				INFOPLIST_FILE = "HomeKitProjectIOS WatchKit Extension/Info.plist";
				LD_RUNPATH_SEARCH_PATHS = (
					"$(inherited)",
					"@executable_path/Frameworks",
					"@executable_path/../../Frameworks",
				);
				PRODUCT_BUNDLE_IDENTIFIER = hGxL.HomeKitProjectIOS.watchkitapp.watchkitextension;
				PRODUCT_NAME = "${TARGET_NAME}";
				SDKROOT = watchos;
				SKIP_INSTALL = YES;
				SWIFT_VERSION = 4.0;
				TARGETED_DEVICE_FAMILY = 4;
				WATCHOS_DEPLOYMENT_TARGET = 4.3;
			};
			name = Debug;
		};
		EDDDD05A2185A7B600E4D063 /* Release */ = {
			isa = XCBuildConfiguration;
			baseConfigurationReference = 5B4180C7DB6CB47713A7E22A /* Pods-HomeKitProjectIOS WatchKit Extension.release.xcconfig */;
			buildSettings = {
				ASSETCATALOG_COMPILER_COMPLICATION_NAME = Complication;
				CODE_SIGN_STYLE = Automatic;
				DEVELOPMENT_TEAM = 24MA665LVK;
				INFOPLIST_FILE = "HomeKitProjectIOS WatchKit Extension/Info.plist";
				LD_RUNPATH_SEARCH_PATHS = (
					"$(inherited)",
					"@executable_path/Frameworks",
					"@executable_path/../../Frameworks",
				);
				PRODUCT_BUNDLE_IDENTIFIER = hGxL.HomeKitProjectIOS.watchkitapp.watchkitextension;
				PRODUCT_NAME = "${TARGET_NAME}";
				SDKROOT = watchos;
				SKIP_INSTALL = YES;
				SWIFT_VERSION = 4.0;
				TARGETED_DEVICE_FAMILY = 4;
				WATCHOS_DEPLOYMENT_TARGET = 4.3;
			};
			name = Release;
		};
		EDDDD05D2185A7B600E4D063 /* Debug */ = {
			isa = XCBuildConfiguration;
			baseConfigurationReference = 850E4A9BFCB8A3CBDE6DDD99 /* Pods-HomeKitProjectIOS WatchKit App.debug.xcconfig */;
			buildSettings = {
				ALWAYS_EMBED_SWIFT_STANDARD_LIBRARIES = YES;
				ASSETCATALOG_COMPILER_APPICON_NAME = AppIcon;
				CODE_SIGN_STYLE = Automatic;
				DEVELOPMENT_TEAM = 24MA665LVK;
				IBSC_MODULE = HomeKitProjectIOS_WatchKit_Extension;
				INFOPLIST_FILE = "HomeKitProjectIOS WatchKit App/Info.plist";
				PRODUCT_BUNDLE_IDENTIFIER = hGxL.HomeKitProjectIOS.watchkitapp;
				PRODUCT_NAME = "$(TARGET_NAME)";
				SDKROOT = watchos;
				SKIP_INSTALL = YES;
				SWIFT_VERSION = 4.0;
				TARGETED_DEVICE_FAMILY = 4;
				WATCHOS_DEPLOYMENT_TARGET = 4.3;
			};
			name = Debug;
		};
		EDDDD05E2185A7B600E4D063 /* Release */ = {
			isa = XCBuildConfiguration;
			baseConfigurationReference = DD835FE3CAC9FBCD415753D8 /* Pods-HomeKitProjectIOS WatchKit App.release.xcconfig */;
			buildSettings = {
				ALWAYS_EMBED_SWIFT_STANDARD_LIBRARIES = YES;
				ASSETCATALOG_COMPILER_APPICON_NAME = AppIcon;
				CODE_SIGN_STYLE = Automatic;
				DEVELOPMENT_TEAM = 24MA665LVK;
				IBSC_MODULE = HomeKitProjectIOS_WatchKit_Extension;
				INFOPLIST_FILE = "HomeKitProjectIOS WatchKit App/Info.plist";
				PRODUCT_BUNDLE_IDENTIFIER = hGxL.HomeKitProjectIOS.watchkitapp;
				PRODUCT_NAME = "$(TARGET_NAME)";
				SDKROOT = watchos;
				SKIP_INSTALL = YES;
				SWIFT_VERSION = 4.0;
				TARGETED_DEVICE_FAMILY = 4;
				WATCHOS_DEPLOYMENT_TARGET = 4.3;
			};
			name = Release;
		};
		EDDDD0612185A7B600E4D063 /* Debug */ = {
			isa = XCBuildConfiguration;
			baseConfigurationReference = FE57FA100410B9E1FC1DAAAC /* Pods-HomeKitProjectIOS.debug.xcconfig */;
			buildSettings = {
				ASSETCATALOG_COMPILER_APPICON_NAME = AppIcon;
				CODE_SIGN_ENTITLEMENTS = HomeKitProjectIOS/HomeKitProjectIOS.entitlements;
				CODE_SIGN_STYLE = Automatic;
				DEVELOPMENT_TEAM = 24MA665LVK;
				INFOPLIST_FILE = HomeKitProjectIOS/Info.plist;
				LD_RUNPATH_SEARCH_PATHS = (
					"$(inherited)",
					"@executable_path/Frameworks",
				);
				PRODUCT_BUNDLE_IDENTIFIER = hGxL.HomeKitProjectIOS;
				PRODUCT_NAME = "$(TARGET_NAME)";
				SWIFT_VERSION = 4.0;
				TARGETED_DEVICE_FAMILY = "1,2";
			};
			name = Debug;
		};
		EDDDD0622185A7B600E4D063 /* Release */ = {
			isa = XCBuildConfiguration;
			baseConfigurationReference = ABF0207006F24CC421FC8F69 /* Pods-HomeKitProjectIOS.release.xcconfig */;
			buildSettings = {
				ASSETCATALOG_COMPILER_APPICON_NAME = AppIcon;
				CODE_SIGN_ENTITLEMENTS = HomeKitProjectIOS/HomeKitProjectIOS.entitlements;
				CODE_SIGN_STYLE = Automatic;
				DEVELOPMENT_TEAM = 24MA665LVK;
				INFOPLIST_FILE = HomeKitProjectIOS/Info.plist;
				LD_RUNPATH_SEARCH_PATHS = (
					"$(inherited)",
					"@executable_path/Frameworks",
				);
				PRODUCT_BUNDLE_IDENTIFIER = hGxL.HomeKitProjectIOS;
				PRODUCT_NAME = "$(TARGET_NAME)";
				SWIFT_VERSION = 4.0;
				TARGETED_DEVICE_FAMILY = "1,2";
			};
			name = Release;
		};
/* End XCBuildConfiguration section */

/* Begin XCConfigurationList section */
		EDDDD0212185A7B400E4D063 /* Build configuration list for PBXProject "HomeKitProjectIOS" */ = {
			isa = XCConfigurationList;
			buildConfigurations = (
				EDDDD0562185A7B600E4D063 /* Debug */,
				EDDDD0572185A7B600E4D063 /* Release */,
			);
			defaultConfigurationIsVisible = 0;
			defaultConfigurationName = Release;
		};
		EDDDD0582185A7B600E4D063 /* Build configuration list for PBXNativeTarget "HomeKitProjectIOS WatchKit Extension" */ = {
			isa = XCConfigurationList;
			buildConfigurations = (
				EDDDD0592185A7B600E4D063 /* Debug */,
				EDDDD05A2185A7B600E4D063 /* Release */,
			);
			defaultConfigurationIsVisible = 0;
			defaultConfigurationName = Release;
		};
		EDDDD05C2185A7B600E4D063 /* Build configuration list for PBXNativeTarget "HomeKitProjectIOS WatchKit App" */ = {
			isa = XCConfigurationList;
			buildConfigurations = (
				EDDDD05D2185A7B600E4D063 /* Debug */,
				EDDDD05E2185A7B600E4D063 /* Release */,
			);
			defaultConfigurationIsVisible = 0;
			defaultConfigurationName = Release;
		};
		EDDDD0602185A7B600E4D063 /* Build configuration list for PBXNativeTarget "HomeKitProjectIOS" */ = {
			isa = XCConfigurationList;
			buildConfigurations = (
				EDDDD0612185A7B600E4D063 /* Debug */,
				EDDDD0622185A7B600E4D063 /* Release */,
			);
			defaultConfigurationIsVisible = 0;
			defaultConfigurationName = Release;
		};
/* End XCConfigurationList section */
	};
	rootObject = EDDDD01E2185A7B400E4D063 /* Project object */;
}
